
Microsoft Visual Studio Solution File, Format Version 12.00
Project("{FAE04EC0-301F-11D3-BF4B-00C04F79EFBC}") = "SampleNet7CosmosApi", "SampleNet7CosmosApi\SampleNet7CosmosApi.csproj", "{809D5B23-0EF5-4199-88FC-6FB424BAB969}"
EndProject
Global
	GlobalSection(SolutionConfigurationPlatforms) = preSolution
		Debug|Any CPU = Debug|Any CPU
		Release|Any CPU = Release|Any CPU
	EndGlobalSection
	GlobalSection(ProjectConfigurationPlatforms) = postSolution
		{809D5B23-0EF5-4199-88FC-6FB424BAB969}.Debug|Any CPU.ActiveCfg = Debug|Any CPU
		{809D5B23-0EF5-4199-88FC-6FB424BAB969}.Debug|Any CPU.Build.0 = Debug|Any CPU
		{809D5B23-0EF5-4199-88FC-6FB424BAB969}.Release|Any CPU.ActiveCfg = Release|Any CPU
		{809D5B23-0EF5-4199-88FC-6FB424BAB969}.Release|Any CPU.Build.0 = Release|Any CPU
	EndGlobalSection
EndGlobal
